
Microsoft Visual Studio Solution File, Format Version 12.00
# Visual Studio Version 17
VisualStudioVersion = 17.11.35222.181
MinimumVisualStudioVersion = 10.0.40219.1
Project("{FAE04EC0-301F-11D3-BF4B-00C04F79EFBC}") = "IntroductionInLINQ", "IntroductionInLINQ.csproj", "{56E4BBA1-168A-43BB-B03B-6E9B34411047}"
EndProject
Global
	GlobalSection(SolutionConfigurationPlatforms) = preSolution
		Debug|Any CPU = Debug|Any CPU
		Release|Any CPU = Release|Any CPU
	EndGlobalSection
	GlobalSection(ProjectConfigurationPlatforms) = postSolution
		{56E4BBA1-168A-43BB-B03B-6E9B34411047}.Debug|Any CPU.ActiveCfg = Debug|Any CPU
		{56E4BBA1-168A-43BB-B03B-6E9B34411047}.Debug|Any CPU.Build.0 = Debug|Any CPU
		{56E4BBA1-168A-43BB-B03B-6E9B34411047}.Release|Any CPU.ActiveCfg = Release|Any CPU
		{56E4BBA1-168A-43BB-B03B-6E9B34411047}.Release|Any CPU.Build.0 = Release|Any CPU
	EndGlobalSection
	GlobalSection(SolutionProperties) = preSolution
		HideSolutionNode = FALSE
	EndGlobalSection
	GlobalSection(ExtensibilityGlobals) = postSolution
		SolutionGuid = {282B6562-4B6F-46BD-9492-E0FFD6F3A6A9}
	EndGlobalSection
EndGlobal
